
Microsoft Visual Studio Solution File, Format Version 12.00
# Visual Studio Version 17
VisualStudioVersion = 17.14.36623.8
MinimumVisualStudioVersion = 10.0.40219.1
Project("{2150E333-8FDC-42A3-9474-1A3956D46DE8}") = "Task0", "Task0", "{02EA681E-C7D8-13C7-8484-4AC65E1B71E8}"
EndProject
Project("{FAE04EC0-301F-11D3-BF4B-00C04F79EFBC}") = "Tyuiu.KlochenokVA.Sprint3.Task0.V20", "Tyuiu.KlochenokVA.Sprint3.Task0.V20\Tyuiu.KlochenokVA.Sprint3.Task0.V20.csproj", "{210F71BC-34F8-405F-80D8-6FA4218EFEDD}"
EndProject
Project("{FAE04EC0-301F-11D3-BF4B-00C04F79EFBC}") = "Tyuiu.KlochenokVA.Sprint3.Task0.V20.Lib", "Tyuiu.KlochenokVA.Sprint3.Task0.V20.Lib\Tyuiu.KlochenokVA.Sprint3.Task0.V20.Lib.csproj", "{1D57F511-14BB-4490-96E1-D70EA4D6EEAB}"
EndProject
Project("{FAE04EC0-301F-11D3-BF4B-00C04F79EFBC}") = "Tyuiu.KlochenokVA.Sprint3.Task0.V20.Test", "Tyuiu.KlochenokVA.Sprint3.Task0.V20.Test\Tyuiu.KlochenokVA.Sprint3.Task0.V20.Test.csproj", "{732EDD4E-CE88-4A71-9019-ECAF8597DD25}"
EndProject
Project("{2150E333-8FDC-42A3-9474-1A3956D46DE8}") = "Task1", "Task1", "{CD22A977-BE67-4A39-8BB6-203C2729795A}"
EndProject
Project("{FAE04EC0-301F-11D3-BF4B-00C04F79EFBC}") = "Tyuiu.KlochenokVA.Sprint3.Task1.V6", "Tyuiu.KlochenokVA.Sprint3.Task1.V6\Tyuiu.KlochenokVA.Sprint3.Task1.V6.csproj", "{74D1A9B2-3A54-4846-8427-0EBD3D29EB6F}"
EndProject
Project("{FAE04EC0-301F-11D3-BF4B-00C04F79EFBC}") = "Tyuiu.KlochenokVA.Sprint3.Task1.V6.Test", "Tyuiu.KlochenokVA.Sprint3.Task1.V6.Test\Tyuiu.KlochenokVA.Sprint3.Task1.V6.Test.csproj", "{65F90740-A5DD-4FF8-9DFE-8166FECC6CD7}"
EndProject
Project("{FAE04EC0-301F-11D3-BF4B-00C04F79EFBC}") = "Tyuiu.KlochenokVA.Sprint3.Task1.V6.Lib", "Tyuiu.KlochenokVA.Sprint3.Task1.V6.Lib\Tyuiu.KlochenokVA.Sprint3.Task1.V6.Lib.csproj", "{4A07E212-D2E1-439D-92EF-8E56C6AAA449}"
EndProject
Project("{2150E333-8FDC-42A3-9474-1A3956D46DE8}") = "Task3", "Task3", "{5420BFCC-0028-433D-B55B-A028F295AF32}"
EndProject
Project("{2150E333-8FDC-42A3-9474-1A3956D46DE8}") = "Task5", "Task5", "{3B559859-1053-41DF-AB30-AF429E92AB06}"
EndProject
Project("{FAE04EC0-301F-11D3-BF4B-00C04F79EFBC}") = "Tyuiu.KlochenokVA.Sprint3.Task5.V29", "Tyuiu.KlochenokVA.Sprint3.Task5.V29\Tyuiu.KlochenokVA.Sprint3.Task5.V29.csproj", "{50D207D0-F4AC-4120-9D93-E58BBFE69E13}"
EndProject
Project("{FAE04EC0-301F-11D3-BF4B-00C04F79EFBC}") = "Tyuiu.KlochenokVA.Sprint3.Task5.V29.Lib", "Tyuiu.KlochenokVA.Sprint3.Task5.V29.Lib\Tyuiu.KlochenokVA.Sprint3.Task5.V29.Lib.csproj", "{6BB6F7E9-0D33-4C49-9462-BD6314637ED4}"
EndProject
Project("{FAE04EC0-301F-11D3-BF4B-00C04F79EFBC}") = "Tyuiu.KlochenokVA.Sprint3.Task5.V29.Test", "Tyuiu.KlochenokVA.Sprint3.Task5.V29.Test\Tyuiu.KlochenokVA.Sprint3.Task5.V29.Test.csproj", "{502ED3C4-4898-4D3B-957E-779D212FB59B}"
EndProject
Project("{FAE04EC0-301F-11D3-BF4B-00C04F79EFBC}") = "Tyuiu.KlochenokVA.Sprint3.Task3.V1", "Tyuiu.KlochenokVA.Sprint3.Task3.V1\Tyuiu.KlochenokVA.Sprint3.Task3.V1.csproj", "{6D538F00-F58F-46EB-B4B6-7C8A56630A5F}"
EndProject
Project("{FAE04EC0-301F-11D3-BF4B-00C04F79EFBC}") = "Tyuiu.KlochenokVA.Sprint3.Task3.V1.Lib", "Tyuiu.KlochenokVA.Sprint3.Task3.V1.Lib\Tyuiu.KlochenokVA.Sprint3.Task3.V1.Lib.csproj", "{01444559-2330-41D8-8A9E-7C0914BB8388}"
EndProject
Project("{FAE04EC0-301F-11D3-BF4B-00C04F79EFBC}") = "Tyuiu.KlochenokVA.Sprint3.Task3.V1.Test", "Tyuiu.KlochenokVA.Sprint3.Task3.V1.Test\Tyuiu.KlochenokVA.Sprint3.Task3.V1.Test.csproj", "{875B7027-2996-4F54-B519-ED39A70CA821}"
EndProject
Project("{2150E333-8FDC-42A3-9474-1A3956D46DE8}") = "Task4", "Task4", "{1B651763-50FD-4ABE-8A4C-A10D340993D7}"
EndProject
Project("{FAE04EC0-301F-11D3-BF4B-00C04F79EFBC}") = "Tyuiu.KlochenokVA.Sprint3.Task4.V13", "Tyuiu.KlochenokVA.Sprint3.Task4.V13\Tyuiu.KlochenokVA.Sprint3.Task4.V13.csproj", "{3C23F136-5C9F-4BA6-8521-3812CE3856BC}"
EndProject
Project("{FAE04EC0-301F-11D3-BF4B-00C04F79EFBC}") = "Tyuiu.KlochenokVA.Sprint3.Task4.V13.Test", "Tyuiu.KlochenokVA.Sprint3.Task4.V13.Test\Tyuiu.KlochenokVA.Sprint3.Task4.V13.Test.csproj", "{427EF6E5-B126-409F-AAE3-259A5108A3E6}"
EndProject
Project("{FAE04EC0-301F-11D3-BF4B-00C04F79EFBC}") = "Tyuiu.KlochenokVA.Sprint3.Task4.V13.Lib", "Tyuiu.KlochenokVA.Sprint3.Task4.V13.Lib\Tyuiu.KlochenokVA.Sprint3.Task4.V13.Lib.csproj", "{F3BAD171-2515-44E3-AEF6-3B4DB01D30C8}"
EndProject
Project("{2150E333-8FDC-42A3-9474-1A3956D46DE8}") = "Task6", "Task6", "{23FF6B97-C66F-4704-B4B0-B5FF1D308CA9}"
EndProject
Project("{FAE04EC0-301F-11D3-BF4B-00C04F79EFBC}") = "Tyuiu.KlochenokVA.Sprint3.Task6.V20", "Tyuiu.KlochenokVA.Sprint3.Task6.V20\Tyuiu.KlochenokVA.Sprint3.Task6.V20.csproj", "{C73E4778-ADF9-451C-AC0B-80EC55B4D884}"
EndProject
Project("{FAE04EC0-301F-11D3-BF4B-00C04F79EFBC}") = "Tyuiu.KlochenokVA.Sprint3.Task6.V20.Lib", "Tyuiu.KlochenokVA.Sprint3.Task6.V20.Lib\Tyuiu.KlochenokVA.Sprint3.Task6.V20.Lib.csproj", "{71DB2EC7-1DC2-4999-9289-1E9D75DF40B2}"
EndProject
Project("{FAE04EC0-301F-11D3-BF4B-00C04F79EFBC}") = "Tyuiu.KlochenokVA.Sprint3.Task6.V20.Test", "Tyuiu.KlochenokVA.Sprint3.Task6.V20.Test\Tyuiu.KlochenokVA.Sprint3.Task6.V20.Test.csproj", "{C5377BED-822B-4246-80CB-DF4D94D2A553}"
EndProject
Global
	GlobalSection(SolutionConfigurationPlatforms) = preSolution
		Debug|Any CPU = Debug|Any CPU
		Release|Any CPU = Release|Any CPU
	EndGlobalSection
	GlobalSection(ProjectConfigurationPlatforms) = postSolution
		{210F71BC-34F8-405F-80D8-6FA4218EFEDD}.Debug|Any CPU.ActiveCfg = Debug|Any CPU
		{210F71BC-34F8-405F-80D8-6FA4218EFEDD}.Debug|Any CPU.Build.0 = Debug|Any CPU
		{210F71BC-34F8-405F-80D8-6FA4218EFEDD}.Release|Any CPU.ActiveCfg = Release|Any CPU
		{210F71BC-34F8-405F-80D8-6FA4218EFEDD}.Release|Any CPU.Build.0 = Release|Any CPU
		{1D57F511-14BB-4490-96E1-D70EA4D6EEAB}.Debug|Any CPU.ActiveCfg = Debug|Any CPU
		{1D57F511-14BB-4490-96E1-D70EA4D6EEAB}.Debug|Any CPU.Build.0 = Debug|Any CPU
		{1D57F511-14BB-4490-96E1-D70EA4D6EEAB}.Release|Any CPU.ActiveCfg = Release|Any CPU
		{1D57F511-14BB-4490-96E1-D70EA4D6EEAB}.Release|Any CPU.Build.0 = Release|Any CPU
		{732EDD4E-CE88-4A71-9019-ECAF8597DD25}.Debug|Any CPU.ActiveCfg = Debug|Any CPU
		{732EDD4E-CE88-4A71-9019-ECAF8597DD25}.Debug|Any CPU.Build.0 = Debug|Any CPU
		{732EDD4E-CE88-4A71-9019-ECAF8597DD25}.Release|Any CPU.ActiveCfg = Release|Any CPU
		{732EDD4E-CE88-4A71-9019-ECAF8597DD25}.Release|Any CPU.Build.0 = Release|Any CPU
		{74D1A9B2-3A54-4846-8427-0EBD3D29EB6F}.Debug|Any CPU.ActiveCfg = Debug|Any CPU
		{74D1A9B2-3A54-4846-8427-0EBD3D29EB6F}.Debug|Any CPU.Build.0 = Debug|Any CPU
		{74D1A9B2-3A54-4846-8427-0EBD3D29EB6F}.Release|Any CPU.ActiveCfg = Release|Any CPU
		{74D1A9B2-3A54-4846-8427-0EBD3D29EB6F}.Release|Any CPU.Build.0 = Release|Any CPU
		{65F90740-A5DD-4FF8-9DFE-8166FECC6CD7}.Debug|Any CPU.ActiveCfg = Debug|Any CPU
		{65F90740-A5DD-4FF8-9DFE-8166FECC6CD7}.Debug|Any CPU.Build.0 = Debug|Any CPU
		{65F90740-A5DD-4FF8-9DFE-8166FECC6CD7}.Release|Any CPU.ActiveCfg = Release|Any CPU
		{65F90740-A5DD-4FF8-9DFE-8166FECC6CD7}.Release|Any CPU.Build.0 = Release|Any CPU
		{4A07E212-D2E1-439D-92EF-8E56C6AAA449}.Debug|Any CPU.ActiveCfg = Debug|Any CPU
		{4A07E212-D2E1-439D-92EF-8E56C6AAA449}.Debug|Any CPU.Build.0 = Debug|Any CPU
		{4A07E212-D2E1-439D-92EF-8E56C6AAA449}.Release|Any CPU.ActiveCfg = Release|Any CPU
		{4A07E212-D2E1-439D-92EF-8E56C6AAA449}.Release|Any CPU.Build.0 = Release|Any CPU
		{50D207D0-F4AC-4120-9D93-E58BBFE69E13}.Debug|Any CPU.ActiveCfg = Debug|Any CPU
		{50D207D0-F4AC-4120-9D93-E58BBFE69E13}.Debug|Any CPU.Build.0 = Debug|Any CPU
		{50D207D0-F4AC-4120-9D93-E58BBFE69E13}.Release|Any CPU.ActiveCfg = Release|Any CPU
		{50D207D0-F4AC-4120-9D93-E58BBFE69E13}.Release|Any CPU.Build.0 = Release|Any CPU
		{6BB6F7E9-0D33-4C49-9462-BD6314637ED4}.Debug|Any CPU.ActiveCfg = Debug|Any CPU
		{6BB6F7E9-0D33-4C49-9462-BD6314637ED4}.Debug|Any CPU.Build.0 = Debug|Any CPU
		{6BB6F7E9-0D33-4C49-9462-BD6314637ED4}.Release|Any CPU.ActiveCfg = Release|Any CPU
		{6BB6F7E9-0D33-4C49-9462-BD6314637ED4}.Release|Any CPU.Build.0 = Release|Any CPU
		{502ED3C4-4898-4D3B-957E-779D212FB59B}.Debug|Any CPU.ActiveCfg = Debug|Any CPU
		{502ED3C4-4898-4D3B-957E-779D212FB59B}.Debug|Any CPU.Build.0 = Debug|Any CPU
		{502ED3C4-4898-4D3B-957E-779D212FB59B}.Release|Any CPU.ActiveCfg = Release|Any CPU
		{502ED3C4-4898-4D3B-957E-779D212FB59B}.Release|Any CPU.Build.0 = Release|Any CPU
		{6D538F00-F58F-46EB-B4B6-7C8A56630A5F}.Debug|Any CPU.ActiveCfg = Debug|Any CPU
		{6D538F00-F58F-46EB-B4B6-7C8A56630A5F}.Debug|Any CPU.Build.0 = Debug|Any CPU
		{6D538F00-F58F-46EB-B4B6-7C8A56630A5F}.Release|Any CPU.ActiveCfg = Release|Any CPU
		{6D538F00-F58F-46EB-B4B6-7C8A56630A5F}.Release|Any CPU.Build.0 = Release|Any CPU
		{01444559-2330-41D8-8A9E-7C0914BB8388}.Debug|Any CPU.ActiveCfg = Debug|Any CPU
		{01444559-2330-41D8-8A9E-7C0914BB8388}.Debug|Any CPU.Build.0 = Debug|Any CPU
		{01444559-2330-41D8-8A9E-7C0914BB8388}.Release|Any CPU.ActiveCfg = Release|Any CPU
		{01444559-2330-41D8-8A9E-7C0914BB8388}.Release|Any CPU.Build.0 = Release|Any CPU
		{875B7027-2996-4F54-B519-ED39A70CA821}.Debug|Any CPU.ActiveCfg = Debug|Any CPU
		{875B7027-2996-4F54-B519-ED39A70CA821}.Debug|Any CPU.Build.0 = Debug|Any CPU
		{875B7027-2996-4F54-B519-ED39A70CA821}.Release|Any CPU.ActiveCfg = Release|Any CPU
		{875B7027-2996-4F54-B519-ED39A70CA821}.Release|Any CPU.Build.0 = Release|Any CPU
		{3C23F136-5C9F-4BA6-8521-3812CE3856BC}.Debug|Any CPU.ActiveCfg = Debug|Any CPU
		{3C23F136-5C9F-4BA6-8521-3812CE3856BC}.Debug|Any CPU.Build.0 = Debug|Any CPU
		{3C23F136-5C9F-4BA6-8521-3812CE3856BC}.Release|Any CPU.ActiveCfg = Release|Any CPU
		{3C23F136-5C9F-4BA6-8521-3812CE3856BC}.Release|Any CPU.Build.0 = Release|Any CPU
		{427EF6E5-B126-409F-AAE3-259A5108A3E6}.Debug|Any CPU.ActiveCfg = Debug|Any CPU
		{427EF6E5-B126-409F-AAE3-259A5108A3E6}.Debug|Any CPU.Build.0 = Debug|Any CPU
		{427EF6E5-B126-409F-AAE3-259A5108A3E6}.Release|Any CPU.ActiveCfg = Release|Any CPU
		{427EF6E5-B126-409F-AAE3-259A5108A3E6}.Release|Any CPU.Build.0 = Release|Any CPU
		{F3BAD171-2515-44E3-AEF6-3B4DB01D30C8}.Debug|Any CPU.ActiveCfg = Debug|Any CPU
		{F3BAD171-2515-44E3-AEF6-3B4DB01D30C8}.Debug|Any CPU.Build.0 = Debug|Any CPU
		{F3BAD171-2515-44E3-AEF6-3B4DB01D30C8}.Release|Any CPU.ActiveCfg = Release|Any CPU
		{F3BAD171-2515-44E3-AEF6-3B4DB01D30C8}.Release|Any CPU.Build.0 = Release|Any CPU
		{C73E4778-ADF9-451C-AC0B-80EC55B4D884}.Debug|Any CPU.ActiveCfg = Debug|Any CPU
		{C73E4778-ADF9-451C-AC0B-80EC55B4D884}.Debug|Any CPU.Build.0 = Debug|Any CPU
		{C73E4778-ADF9-451C-AC0B-80EC55B4D884}.Release|Any CPU.ActiveCfg = Release|Any CPU
		{C73E4778-ADF9-451C-AC0B-80EC55B4D884}.Release|Any CPU.Build.0 = Release|Any CPU
		{71DB2EC7-1DC2-4999-9289-1E9D75DF40B2}.Debug|Any CPU.ActiveCfg = Debug|Any CPU
		{71DB2EC7-1DC2-4999-9289-1E9D75DF40B2}.Debug|Any CPU.Build.0 = Debug|Any CPU
		{71DB2EC7-1DC2-4999-9289-1E9D75DF40B2}.Release|Any CPU.ActiveCfg = Release|Any CPU
		{71DB2EC7-1DC2-4999-9289-1E9D75DF40B2}.Release|Any CPU.Build.0 = Release|Any CPU
		{C5377BED-822B-4246-80CB-DF4D94D2A553}.Debug|Any CPU.ActiveCfg = Debug|Any CPU
		{C5377BED-822B-4246-80CB-DF4D94D2A553}.Debug|Any CPU.Build.0 = Debug|Any CPU
		{C5377BED-822B-4246-80CB-DF4D94D2A553}.Release|Any CPU.ActiveCfg = Release|Any CPU
		{C5377BED-822B-4246-80CB-DF4D94D2A553}.Release|Any CPU.Build.0 = Release|Any CPU
	EndGlobalSection
	GlobalSection(SolutionProperties) = preSolution
		HideSolutionNode = FALSE
	EndGlobalSection
	GlobalSection(NestedProjects) = preSolution
		{210F71BC-34F8-405F-80D8-6FA4218EFEDD} = {02EA681E-C7D8-13C7-8484-4AC65E1B71E8}
		{1D57F511-14BB-4490-96E1-D70EA4D6EEAB} = {02EA681E-C7D8-13C7-8484-4AC65E1B71E8}
		{732EDD4E-CE88-4A71-9019-ECAF8597DD25} = {02EA681E-C7D8-13C7-8484-4AC65E1B71E8}
		{74D1A9B2-3A54-4846-8427-0EBD3D29EB6F} = {CD22A977-BE67-4A39-8BB6-203C2729795A}
		{65F90740-A5DD-4FF8-9DFE-8166FECC6CD7} = {CD22A977-BE67-4A39-8BB6-203C2729795A}
		{4A07E212-D2E1-439D-92EF-8E56C6AAA449} = {CD22A977-BE67-4A39-8BB6-203C2729795A}
		{50D207D0-F4AC-4120-9D93-E58BBFE69E13} = {3B559859-1053-41DF-AB30-AF429E92AB06}
		{6BB6F7E9-0D33-4C49-9462-BD6314637ED4} = {3B559859-1053-41DF-AB30-AF429E92AB06}
		{502ED3C4-4898-4D3B-957E-779D212FB59B} = {3B559859-1053-41DF-AB30-AF429E92AB06}
		{6D538F00-F58F-46EB-B4B6-7C8A56630A5F} = {5420BFCC-0028-433D-B55B-A028F295AF32}
		{01444559-2330-41D8-8A9E-7C0914BB8388} = {5420BFCC-0028-433D-B55B-A028F295AF32}
		{875B7027-2996-4F54-B519-ED39A70CA821} = {5420BFCC-0028-433D-B55B-A028F295AF32}
		{3C23F136-5C9F-4BA6-8521-3812CE3856BC} = {1B651763-50FD-4ABE-8A4C-A10D340993D7}
		{427EF6E5-B126-409F-AAE3-259A5108A3E6} = {1B651763-50FD-4ABE-8A4C-A10D340993D7}
		{F3BAD171-2515-44E3-AEF6-3B4DB01D30C8} = {1B651763-50FD-4ABE-8A4C-A10D340993D7}
		{C73E4778-ADF9-451C-AC0B-80EC55B4D884} = {23FF6B97-C66F-4704-B4B0-B5FF1D308CA9}
		{71DB2EC7-1DC2-4999-9289-1E9D75DF40B2} = {23FF6B97-C66F-4704-B4B0-B5FF1D308CA9}
		{C5377BED-822B-4246-80CB-DF4D94D2A553} = {23FF6B97-C66F-4704-B4B0-B5FF1D308CA9}
	EndGlobalSection
	GlobalSection(ExtensibilityGlobals) = postSolution
		SolutionGuid = {C722106B-4140-48BC-B680-ABAC54A99758}
	EndGlobalSection
EndGlobal
